// !$*UTF8*$!
{
	archiveVersion = 1;
	classes = {
	};
	objectVersion = 50;
	objects = {

/* Begin PBXBuildFile section */
		F5F495D52500C60C00DA6FFF /* AppDelegate.swift in Sources */ = {isa = PBXBuildFile; fileRef = F5F495D42500C60C00DA6FFF /* AppDelegate.swift */; };
		F5F495D72500C60C00DA6FFF /* SceneDelegate.swift in Sources */ = {isa = PBXBuildFile; fileRef = F5F495D62500C60C00DA6FFF /* SceneDelegate.swift */; };
		F5F495D92500C60C00DA6FFF /* ViewController.swift in Sources */ = {isa = PBXBuildFile; fileRef = F5F495D82500C60C00DA6FFF /* ViewController.swift */; };
		F5F495DC2500C60C00DA6FFF /* Main.storyboard in Resources */ = {isa = PBXBuildFile; fileRef = F5F495DA2500C60C00DA6FFF /* Main.storyboard */; };
		F5F495DE2500C60C00DA6FFF /* Assets.xcassets in Resources */ = {isa = PBXBuildFile; fileRef = F5F495DD2500C60C00DA6FFF /* Assets.xcassets */; };
		F5F495E12500C60C00DA6FFF /* LaunchScreen.storyboard in Resources */ = {isa = PBXBuildFile; fileRef = F5F495DF2500C60C00DA6FFF /* LaunchScreen.storyboard */; };
		F5F495EC2500C60D00DA6FFF /* StopWatchTests.swift in Sources */ = {isa = PBXBuildFile; fileRef = F5F495EB2500C60D00DA6FFF /* StopWatchTests.swift */; };
		F5F495F72500C60D00DA6FFF /* StopWatchUITests.swift in Sources */ = {isa = PBXBuildFile; fileRef = F5F495F62500C60D00DA6FFF /* StopWatchUITests.swift */; };
/* End PBXBuildFile section */

/* Begin PBXContainerItemProxy section */
		F5F495E82500C60D00DA6FFF /* PBXContainerItemProxy */ = {
			isa = PBXContainerItemProxy;
			containerPortal = F5F495C92500C60C00DA6FFF /* Project object */;
			proxyType = 1;
			remoteGlobalIDString = F5F495D02500C60C00DA6FFF;
			remoteInfo = StopWatch;
		};
		F5F495F32500C60D00DA6FFF /* PBXContainerItemProxy */ = {
			isa = PBXContainerItemProxy;
			containerPortal = F5F495C92500C60C00DA6FFF /* Project object */;
			proxyType = 1;
			remoteGlobalIDString = F5F495D02500C60C00DA6FFF;
			remoteInfo = StopWatch;
		};
/* End PBXContainerItemProxy section */

/* Begin PBXFileReference section */
		F5F495D12500C60C00DA6FFF /* StopWatch.app */ = {isa = PBXFileReference; explicitFileType = wrapper.application; includeInIndex = 0; path = StopWatch.app; sourceTree = BUILT_PRODUCTS_DIR; };
		F5F495D42500C60C00DA6FFF /* AppDelegate.swift */ = {isa = PBXFileReference; lastKnownFileType = sourcecode.swift; path = AppDelegate.swift; sourceTree = "<group>"; };
		F5F495D62500C60C00DA6FFF /* SceneDelegate.swift */ = {isa = PBXFileReference; lastKnownFileType = sourcecode.swift; path = SceneDelegate.swift; sourceTree = "<group>"; };
		F5F495D82500C60C00DA6FFF /* ViewController.swift */ = {isa = PBXFileReference; lastKnownFileType = sourcecode.swift; path = ViewController.swift; sourceTree = "<group>"; };
		F5F495DB2500C60C00DA6FFF /* Base */ = {isa = PBXFileReference; lastKnownFileType = file.storyboard; name = Base; path = Base.lproj/Main.storyboard; sourceTree = "<group>"; };
		F5F495DD2500C60C00DA6FFF /* Assets.xcassets */ = {isa = PBXFileReference; lastKnownFileType = folder.assetcatalog; path = Assets.xcassets; sourceTree = "<group>"; };
		F5F495E02500C60C00DA6FFF /* Base */ = {isa = PBXFileReference; lastKnownFileType = file.storyboard; name = Base; path = Base.lproj/LaunchScreen.storyboard; sourceTree = "<group>"; };
		F5F495E22500C60C00DA6FFF /* Info.plist */ = {isa = PBXFileReference; lastKnownFileType = text.plist.xml; path = Info.plist; sourceTree = "<group>"; };
		F5F495E72500C60D00DA6FFF /* StopWatchTests.xctest */ = {isa = PBXFileReference; explicitFileType = wrapper.cfbundle; includeInIndex = 0; path = StopWatchTests.xctest; sourceTree = BUILT_PRODUCTS_DIR; };
		F5F495EB2500C60D00DA6FFF /* StopWatchTests.swift */ = {isa = PBXFileReference; lastKnownFileType = sourcecode.swift; path = StopWatchTests.swift; sourceTree = "<group>"; };
		F5F495ED2500C60D00DA6FFF /* Info.plist */ = {isa = PBXFileReference; lastKnownFileType = text.plist.xml; path = Info.plist; sourceTree = "<group>"; };
		F5F495F22500C60D00DA6FFF /* StopWatchUITests.xctest */ = {isa = PBXFileReference; explicitFileType = wrapper.cfbundle; includeInIndex = 0; path = StopWatchUITests.xctest; sourceTree = BUILT_PRODUCTS_DIR; };
		F5F495F62500C60D00DA6FFF /* StopWatchUITests.swift */ = {isa = PBXFileReference; lastKnownFileType = sourcecode.swift; path = StopWatchUITests.swift; sourceTree = "<group>"; };
		F5F495F82500C60D00DA6FFF /* Info.plist */ = {isa = PBXFileReference; lastKnownFileType = text.plist.xml; path = Info.plist; sourceTree = "<group>"; };
/* End PBXFileReference section */

/* Begin PBXFrameworksBuildPhase section */
		F5F495CE2500C60C00DA6FFF /* Frameworks */ = {
			isa = PBXFrameworksBuildPhase;
			buildActionMask = 2147483647;
			files = (
			);
			runOnlyForDeploymentPostprocessing = 0;
		};
		F5F495E42500C60D00DA6FFF /* Frameworks */ = {
			isa = PBXFrameworksBuildPhase;
			buildActionMask = 2147483647;
			files = (
			);
			runOnlyForDeploymentPostprocessing = 0;
		};
		F5F495EF2500C60D00DA6FFF /* Frameworks */ = {
			isa = PBXFrameworksBuildPhase;
			buildActionMask = 2147483647;
			files = (
			);
			runOnlyForDeploymentPostprocessing = 0;
		};
/* End PBXFrameworksBuildPhase section */

/* Begin PBXGroup section */
		F5F495C82500C60C00DA6FFF = {
			isa = PBXGroup;
			children = (
				F5F495D32500C60C00DA6FFF /* StopWatch */,
				F5F495EA2500C60D00DA6FFF /* StopWatchTests */,
				F5F495F52500C60D00DA6FFF /* StopWatchUITests */,
				F5F495D22500C60C00DA6FFF /* Products */,
			);
			sourceTree = "<group>";
		};
		F5F495D22500C60C00DA6FFF /* Products */ = {
			isa = PBXGroup;
			children = (
				F5F495D12500C60C00DA6FFF /* StopWatch.app */,
				F5F495E72500C60D00DA6FFF /* StopWatchTests.xctest */,
				F5F495F22500C60D00DA6FFF /* StopWatchUITests.xctest */,
			);
			name = Products;
			sourceTree = "<group>";
		};
		F5F495D32500C60C00DA6FFF /* StopWatch */ = {
			isa = PBXGroup;
			children = (
				F5F495D42500C60C00DA6FFF /* AppDelegate.swift */,
				F5F495D62500C60C00DA6FFF /* SceneDelegate.swift */,
				F5F495D82500C60C00DA6FFF /* ViewController.swift */,
				F5F495DA2500C60C00DA6FFF /* Main.storyboard */,
				F5F495DD2500C60C00DA6FFF /* Assets.xcassets */,
				F5F495DF2500C60C00DA6FFF /* LaunchScreen.storyboard */,
				F5F495E22500C60C00DA6FFF /* Info.plist */,
			);
			path = StopWatch;
			sourceTree = "<group>";
		};
		F5F495EA2500C60D00DA6FFF /* StopWatchTests */ = {
			isa = PBXGroup;
			children = (
				F5F495EB2500C60D00DA6FFF /* StopWatchTests.swift */,
				F5F495ED2500C60D00DA6FFF /* Info.plist */,
			);
			path = StopWatchTests;
			sourceTree = "<group>";
		};
		F5F495F52500C60D00DA6FFF /* StopWatchUITests */ = {
			isa = PBXGroup;
			children = (
				F5F495F62500C60D00DA6FFF /* StopWatchUITests.swift */,
				F5F495F82500C60D00DA6FFF /* Info.plist */,
			);
			path = StopWatchUITests;
			sourceTree = "<group>";
		};
/* End PBXGroup section */

/* Begin PBXNativeTarget section */
		F5F495D02500C60C00DA6FFF /* StopWatch */ = {
			isa = PBXNativeTarget;
			buildConfigurationList = F5F495FB2500C60D00DA6FFF /* Build configuration list for PBXNativeTarget "StopWatch" */;
			buildPhases = (
				F5F495CD2500C60C00DA6FFF /* Sources */,
				F5F495CE2500C60C00DA6FFF /* Frameworks */,
				F5F495CF2500C60C00DA6FFF /* Resources */,
			);
			buildRules = (
			);
			dependencies = (
			);
			name = StopWatch;
			productName = StopWatch;
			productReference = F5F495D12500C60C00DA6FFF /* StopWatch.app */;
			productType = "com.apple.product-type.application";
		};
		F5F495E62500C60D00DA6FFF /* StopWatchTests */ = {
			isa = PBXNativeTarget;
			buildConfigurationList = F5F495FE2500C60D00DA6FFF /* Build configuration list for PBXNativeTarget "StopWatchTests" */;
			buildPhases = (
				F5F495E32500C60D00DA6FFF /* Sources */,
				F5F495E42500C60D00DA6FFF /* Frameworks */,
				F5F495E52500C60D00DA6FFF /* Resources */,
			);
			buildRules = (
			);
			dependencies = (
				F5F495E92500C60D00DA6FFF /* PBXTargetDependency */,
			);
			name = StopWatchTests;
			productName = StopWatchTests;
			productReference = F5F495E72500C60D00DA6FFF /* StopWatchTests.xctest */;
			productType = "com.apple.product-type.bundle.unit-test";
		};
		F5F495F12500C60D00DA6FFF /* StopWatchUITests */ = {
			isa = PBXNativeTarget;
			buildConfigurationList = F5F496012500C60D00DA6FFF /* Build configuration list for PBXNativeTarget "StopWatchUITests" */;
			buildPhases = (
				F5F495EE2500C60D00DA6FFF /* Sources */,
				F5F495EF2500C60D00DA6FFF /* Frameworks */,
				F5F495F02500C60D00DA6FFF /* Resources */,
			);
			buildRules = (
			);
			dependencies = (
				F5F495F42500C60D00DA6FFF /* PBXTargetDependency */,
			);
			name = StopWatchUITests;
			productName = StopWatchUITests;
			productReference = F5F495F22500C60D00DA6FFF /* StopWatchUITests.xctest */;
			productType = "com.apple.product-type.bundle.ui-testing";
		};
/* End PBXNativeTarget section */

/* Begin PBXProject section */
		F5F495C92500C60C00DA6FFF /* Project object */ = {
			isa = PBXProject;
			attributes = {
				LastSwiftUpdateCheck = 1170;
				LastUpgradeCheck = 1170;
				ORGANIZATIONNAME = "Haruko Okada";
				TargetAttributes = {
					F5F495D02500C60C00DA6FFF = {
						CreatedOnToolsVersion = 11.7;
					};
					F5F495E62500C60D00DA6FFF = {
						CreatedOnToolsVersion = 11.7;
						TestTargetID = F5F495D02500C60C00DA6FFF;
					};
					F5F495F12500C60D00DA6FFF = {
						CreatedOnToolsVersion = 11.7;
						TestTargetID = F5F495D02500C60C00DA6FFF;
					};
				};
			};
			buildConfigurationList = F5F495CC2500C60C00DA6FFF /* Build configuration list for PBXProject "StopWatch" */;
			compatibilityVersion = "Xcode 9.3";
			developmentRegion = en;
			hasScannedForEncodings = 0;
			knownRegions = (
				en,
				Base,
			);
			mainGroup = F5F495C82500C60C00DA6FFF;
			productRefGroup = F5F495D22500C60C00DA6FFF /* Products */;
			projectDirPath = "";
			projectRoot = "";
			targets = (
				F5F495D02500C60C00DA6FFF /* StopWatch */,
				F5F495E62500C60D00DA6FFF /* StopWatchTests */,
				F5F495F12500C60D00DA6FFF /* StopWatchUITests */,
			);
		};
/* End PBXProject section */

/* Begin PBXResourcesBuildPhase section */
		F5F495CF2500C60C00DA6FFF /* Resources */ = {
			isa = PBXResourcesBuildPhase;
			buildActionMask = 2147483647;
			files = (
				F5F495E12500C60C00DA6FFF /* LaunchScreen.storyboard in Resources */,
				F5F495DE2500C60C00DA6FFF /* Assets.xcassets in Resources */,
				F5F495DC2500C60C00DA6FFF /* Main.storyboard in Resources */,
			);
			runOnlyForDeploymentPostprocessing = 0;
		};
		F5F495E52500C60D00DA6FFF /* Resources */ = {
			isa = PBXResourcesBuildPhase;
			buildActionMask = 2147483647;
			files = (
			);
			runOnlyForDeploymentPostprocessing = 0;
		};
		F5F495F02500C60D00DA6FFF /* Resources */ = {
			isa = PBXResourcesBuildPhase;
			buildActionMask = 2147483647;
			files = (
			);
			runOnlyForDeploymentPostprocessing = 0;
		};
/* End PBXResourcesBuildPhase section */

/* Begin PBXSourcesBuildPhase section */
		F5F495CD2500C60C00DA6FFF /* Sources */ = {
			isa = PBXSourcesBuildPhase;
			buildActionMask = 2147483647;
			files = (
				F5F495D92500C60C00DA6FFF /* ViewController.swift in Sources */,
				F5F495D52500C60C00DA6FFF /* AppDelegate.swift in Sources */,
				F5F495D72500C60C00DA6FFF /* SceneDelegate.swift in Sources */,
			);
			runOnlyForDeploymentPostprocessing = 0;
		};
		F5F495E32500C60D00DA6FFF /* Sources */ = {
			isa = PBXSourcesBuildPhase;
			buildActionMask = 2147483647;
			files = (
				F5F495EC2500C60D00DA6FFF /* StopWatchTests.swift in Sources */,
			);
			runOnlyForDeploymentPostprocessing = 0;
		};
		F5F495EE2500C60D00DA6FFF /* Sources */ = {
			isa = PBXSourcesBuildPhase;
			buildActionMask = 2147483647;
			files = (
				F5F495F72500C60D00DA6FFF /* StopWatchUITests.swift in Sources */,
			);
			runOnlyForDeploymentPostprocessing = 0;
		};
/* End PBXSourcesBuildPhase section */

/* Begin PBXTargetDependency section */
		F5F495E92500C60D00DA6FFF /* PBXTargetDependency */ = {
			isa = PBXTargetDependency;
			target = F5F495D02500C60C00DA6FFF /* StopWatch */;
			targetProxy = F5F495E82500C60D00DA6FFF /* PBXContainerItemProxy */;
		};
		F5F495F42500C60D00DA6FFF /* PBXTargetDependency */ = {
			isa = PBXTargetDependency;
			target = F5F495D02500C60C00DA6FFF /* StopWatch */;
			targetProxy = F5F495F32500C60D00DA6FFF /* PBXContainerItemProxy */;
		};
/* End PBXTargetDependency section */

/* Begin PBXVariantGroup section */
		F5F495DA2500C60C00DA6FFF /* Main.storyboard */ = {
			isa = PBXVariantGroup;
			children = (
				F5F495DB2500C60C00DA6FFF /* Base */,
			);
			name = Main.storyboard;
			sourceTree = "<group>";
		};
		F5F495DF2500C60C00DA6FFF /* LaunchScreen.storyboard */ = {
			isa = PBXVariantGroup;
			children = (
				F5F495E02500C60C00DA6FFF /* Base */,
			);
			name = LaunchScreen.storyboard;
			sourceTree = "<group>";
		};
/* End PBXVariantGroup section */

/* Begin XCBuildConfiguration section */
		F5F495F92500C60D00DA6FFF /* Debug */ = {
			isa = XCBuildConfiguration;
			buildSettings = {
				ALWAYS_SEARCH_USER_PATHS = NO;
				CLANG_ANALYZER_NONNULL = YES;
				CLANG_ANALYZER_NUMBER_OBJECT_CONVERSION = YES_AGGRESSIVE;
				CLANG_CXX_LANGUAGE_STANDARD = "gnu++14";
				CLANG_CXX_LIBRARY = "libc++";
				CLANG_ENABLE_MODULES = YES;
				CLANG_ENABLE_OBJC_ARC = YES;
				CLANG_ENABLE_OBJC_WEAK = YES;
				CLANG_WARN_BLOCK_CAPTURE_AUTORELEASING = YES;
				CLANG_WARN_BOOL_CONVERSION = YES;
				CLANG_WARN_COMMA = YES;
				CLANG_WARN_CONSTANT_CONVERSION = YES;
				CLANG_WARN_DEPRECATED_OBJC_IMPLEMENTATIONS = YES;
				CLANG_WARN_DIRECT_OBJC_ISA_USAGE = YES_ERROR;
				CLANG_WARN_DOCUMENTATION_COMMENTS = YES;
				CLANG_WARN_EMPTY_BODY = YES;
				CLANG_WARN_ENUM_CONVERSION = YES;
				CLANG_WARN_INFINITE_RECURSION = YES;
				CLANG_WARN_INT_CONVERSION = YES;
				CLANG_WARN_NON_LITERAL_NULL_CONVERSION = YES;
				CLANG_WARN_OBJC_IMPLICIT_RETAIN_SELF = YES;
				CLANG_WARN_OBJC_LITERAL_CONVERSION = YES;
				CLANG_WARN_OBJC_ROOT_CLASS = YES_ERROR;
				CLANG_WARN_RANGE_LOOP_ANALYSIS = YES;
				CLANG_WARN_STRICT_PROTOTYPES = YES;
				CLANG_WARN_SUSPICIOUS_MOVE = YES;
				CLANG_WARN_UNGUARDED_AVAILABILITY = YES_AGGRESSIVE;
				CLANG_WARN_UNREACHABLE_CODE = YES;
				CLANG_WARN__DUPLICATE_METHOD_MATCH = YES;
				COPY_PHASE_STRIP = NO;
				DEBUG_INFORMATION_FORMAT = dwarf;
				ENABLE_STRICT_OBJC_MSGSEND = YES;
				ENABLE_TESTABILITY = YES;
				GCC_C_LANGUAGE_STANDARD = gnu11;
				GCC_DYNAMIC_NO_PIC = NO;
				GCC_NO_COMMON_BLOCKS = YES;
				GCC_OPTIMIZATION_LEVEL = 0;
				GCC_PREPROCESSOR_DEFINITIONS = (
					"DEBUG=1",
					"$(inherited)",
				);
				GCC_WARN_64_TO_32_BIT_CONVERSION = YES;
				GCC_WARN_ABOUT_RETURN_TYPE = YES_ERROR;
				GCC_WARN_UNDECLARED_SELECTOR = YES;
				GCC_WARN_UNINITIALIZED_AUTOS = YES_AGGRESSIVE;
				GCC_WARN_UNUSED_FUNCTION = YES;
				GCC_WARN_UNUSED_VARIABLE = YES;
				IPHONEOS_DEPLOYMENT_TARGET = 13.7;
				MTL_ENABLE_DEBUG_INFO = INCLUDE_SOURCE;
				MTL_FAST_MATH = YES;
				ONLY_ACTIVE_ARCH = YES;
				SDKROOT = iphoneos;
				SWIFT_ACTIVE_COMPILATION_CONDITIONS = DEBUG;
				SWIFT_OPTIMIZATION_LEVEL = "-Onone";
			};
			name = Debug;
		};
		F5F495FA2500C60D00DA6FFF /* Release */ = {
			isa = XCBuildConfiguration;
			buildSettings = {
				ALWAYS_SEARCH_USER_PATHS = NO;
				CLANG_ANALYZER_NONNULL = YES;
				CLANG_ANALYZER_NUMBER_OBJECT_CONVERSION = YES_AGGRESSIVE;
				CLANG_CXX_LANGUAGE_STANDARD = "gnu++14";
				CLANG_CXX_LIBRARY = "libc++";
				CLANG_ENABLE_MODULES = YES;
				CLANG_ENABLE_OBJC_ARC = YES;
				CLANG_ENABLE_OBJC_WEAK = YES;
				CLANG_WARN_BLOCK_CAPTURE_AUTORELEASING = YES;
				CLANG_WARN_BOOL_CONVERSION = YES;
				CLANG_WARN_COMMA = YES;
				CLANG_WARN_CONSTANT_CONVERSION = YES;
				CLANG_WARN_DEPRECATED_OBJC_IMPLEMENTATIONS = YES;
				CLANG_WARN_DIRECT_OBJC_ISA_USAGE = YES_ERROR;
				CLANG_WARN_DOCUMENTATION_COMMENTS = YES;
				CLANG_WARN_EMPTY_BODY = YES;
				CLANG_WARN_ENUM_CONVERSION = YES;
				CLANG_WARN_INFINITE_RECURSION = YES;
				CLANG_WARN_INT_CONVERSION = YES;
				CLANG_WARN_NON_LITERAL_NULL_CONVERSION = YES;
				CLANG_WARN_OBJC_IMPLICIT_RETAIN_SELF = YES;
				CLANG_WARN_OBJC_LITERAL_CONVERSION = YES;
				CLANG_WARN_OBJC_ROOT_CLASS = YES_ERROR;
				CLANG_WARN_RANGE_LOOP_ANALYSIS = YES;
				CLANG_WARN_STRICT_PROTOTYPES = YES;
				CLANG_WARN_SUSPICIOUS_MOVE = YES;
				CLANG_WARN_UNGUARDED_AVAILABILITY = YES_AGGRESSIVE;
				CLANG_WARN_UNREACHABLE_CODE = YES;
				CLANG_WARN__DUPLICATE_METHOD_MATCH = YES;
				COPY_PHASE_STRIP = NO;
				DEBUG_INFORMATION_FORMAT = "dwarf-with-dsym";
				ENABLE_NS_ASSERTIONS = NO;
				ENABLE_STRICT_OBJC_MSGSEND = YES;
				GCC_C_LANGUAGE_STANDARD = gnu11;
				GCC_NO_COMMON_BLOCKS = YES;
				GCC_WARN_64_TO_32_BIT_CONVERSION = YES;
				GCC_WARN_ABOUT_RETURN_TYPE = YES_ERROR;
				GCC_WARN_UNDECLARED_SELECTOR = YES;
				GCC_WARN_UNINITIALIZED_AUTOS = YES_AGGRESSIVE;
				GCC_WARN_UNUSED_FUNCTION = YES;
				GCC_WARN_UNUSED_VARIABLE = YES;
				IPHONEOS_DEPLOYMENT_TARGET = 13.7;
				MTL_ENABLE_DEBUG_INFO = NO;
				MTL_FAST_MATH = YES;
				SDKROOT = iphoneos;
				SWIFT_COMPILATION_MODE = wholemodule;
				SWIFT_OPTIMIZATION_LEVEL = "-O";
				VALIDATE_PRODUCT = YES;
			};
			name = Release;
		};
		F5F495FC2500C60D00DA6FFF /* Debug */ = {
			isa = XCBuildConfiguration;
			buildSettings = {
				ASSETCATALOG_COMPILER_APPICON_NAME = AppIcon;
				CODE_SIGN_STYLE = Automatic;
				INFOPLIST_FILE = StopWatch/Info.plist;
				LD_RUNPATH_SEARCH_PATHS = (
					"$(inherited)",
					"@executable_path/Frameworks",
				);
				PRODUCT_BUNDLE_IDENTIFIER = harooks.StopWatch;
				PRODUCT_NAME = "$(TARGET_NAME)";
				SWIFT_VERSION = 5.0;
				TARGETED_DEVICE_FAMILY = "1,2";
			};
			name = Debug;
		};
		F5F495FD2500C60D00DA6FFF /* Release */ = {
			isa = XCBuildConfiguration;
			buildSettings = {
				ASSETCATALOG_COMPILER_APPICON_NAME = AppIcon;
				CODE_SIGN_STYLE = Automatic;
				INFOPLIST_FILE = StopWatch/Info.plist;
				LD_RUNPATH_SEARCH_PATHS = (
					"$(inherited)",
					"@executable_path/Frameworks",
				);
				PRODUCT_BUNDLE_IDENTIFIER = harooks.StopWatch;
				PRODUCT_NAME = "$(TARGET_NAME)";
				SWIFT_VERSION = 5.0;
				TARGETED_DEVICE_FAMILY = "1,2";
			};
			name = Release;
		};
		F5F495FF2500C60D00DA6FFF /* Debug */ = {
			isa = XCBuildConfiguration;
			buildSettings = {
				ALWAYS_EMBED_SWIFT_STANDARD_LIBRARIES = YES;
				BUNDLE_LOADER = "$(TEST_HOST)";
				CODE_SIGN_STYLE = Automatic;
				INFOPLIST_FILE = StopWatchTests/Info.plist;
				IPHONEOS_DEPLOYMENT_TARGET = 13.7;
				LD_RUNPATH_SEARCH_PATHS = (
					"$(inherited)",
					"@executable_path/Frameworks",
					"@loader_path/Frameworks",
				);
				PRODUCT_BUNDLE_IDENTIFIER = harooks.StopWatchTests;
				PRODUCT_NAME = "$(TARGET_NAME)";
				SWIFT_VERSION = 5.0;
				TARGETED_DEVICE_FAMILY = "1,2";
				TEST_HOST = "$(BUILT_PRODUCTS_DIR)/StopWatch.app/StopWatch";
			};
			name = Debug;
		};
		F5F496002500C60D00DA6FFF /* Release */ = {
			isa = XCBuildConfiguration;
			buildSettings = {
				ALWAYS_EMBED_SWIFT_STANDARD_LIBRARIES = YES;
				BUNDLE_LOADER = "$(TEST_HOST)";
				CODE_SIGN_STYLE = Automatic;
				INFOPLIST_FILE = StopWatchTests/Info.plist;
				IPHONEOS_DEPLOYMENT_TARGET = 13.7;
				LD_RUNPATH_SEARCH_PATHS = (
					"$(inherited)",
					"@executable_path/Frameworks",
					"@loader_path/Frameworks",
				);
				PRODUCT_BUNDLE_IDENTIFIER = harooks.StopWatchTests;
				PRODUCT_NAME = "$(TARGET_NAME)";
				SWIFT_VERSION = 5.0;
				TARGETED_DEVICE_FAMILY = "1,2";
				TEST_HOST = "$(BUILT_PRODUCTS_DIR)/StopWatch.app/StopWatch";
			};
			name = Release;
		};
		F5F496022500C60D00DA6FFF /* Debug */ = {
			isa = XCBuildConfiguration;
			buildSettings = {
				ALWAYS_EMBED_SWIFT_STANDARD_LIBRARIES = YES;
				CODE_SIGN_STYLE = Automatic;
				INFOPLIST_FILE = StopWatchUITests/Info.plist;
				LD_RUNPATH_SEARCH_PATHS = (
					"$(inherited)",
					"@executable_path/Frameworks",
					"@loader_path/Frameworks",
				);
				PRODUCT_BUNDLE_IDENTIFIER = harooks.StopWatchUITests;
				PRODUCT_NAME = "$(TARGET_NAME)";
				SWIFT_VERSION = 5.0;
				TARGETED_DEVICE_FAMILY = "1,2";
				TEST_TARGET_NAME = StopWatch;
			};
			name = Debug;
		};
		F5F496032500C60D00DA6FFF /* Release */ = {
			isa = XCBuildConfiguration;
			buildSettings = {
				ALWAYS_EMBED_SWIFT_STANDARD_LIBRARIES = YES;
				CODE_SIGN_STYLE = Automatic;
				INFOPLIST_FILE = StopWatchUITests/Info.plist;
				LD_RUNPATH_SEARCH_PATHS = (
					"$(inherited)",
					"@executable_path/Frameworks",
					"@loader_path/Frameworks",
				);
				PRODUCT_BUNDLE_IDENTIFIER = harooks.StopWatchUITests;
				PRODUCT_NAME = "$(TARGET_NAME)";
				SWIFT_VERSION = 5.0;
				TARGETED_DEVICE_FAMILY = "1,2";
				TEST_TARGET_NAME = StopWatch;
			};
			name = Release;
		};
/* End XCBuildConfiguration section */

/* Begin XCConfigurationList section */
		F5F495CC2500C60C00DA6FFF /* Build configuration list for PBXProject "StopWatch" */ = {
			isa = XCConfigurationList;
			buildConfigurations = (
				F5F495F92500C60D00DA6FFF /* Debug */,
				F5F495FA2500C60D00DA6FFF /* Release */,
			);
			defaultConfigurationIsVisible = 0;
			defaultConfigurationName = Release;
		};
		F5F495FB2500C60D00DA6FFF /* Build configuration list for PBXNativeTarget "StopWatch" */ = {
			isa = XCConfigurationList;
			buildConfigurations = (
				F5F495FC2500C60D00DA6FFF /* Debug */,
				F5F495FD2500C60D00DA6FFF /* Release */,
			);
			defaultConfigurationIsVisible = 0;
			defaultConfigurationName = Release;
		};
		F5F495FE2500C60D00DA6FFF /* Build configuration list for PBXNativeTarget "StopWatchTests" */ = {
			isa = XCConfigurationList;
			buildConfigurations = (
				F5F495FF2500C60D00DA6FFF /* Debug */,
				F5F496002500C60D00DA6FFF /* Release */,
			);
			defaultConfigurationIsVisible = 0;
			defaultConfigurationName = Release;
		};
		F5F496012500C60D00DA6FFF /* Build configuration list for PBXNativeTarget "StopWatchUITests" */ = {
			isa = XCConfigurationList;
			buildConfigurations = (
				F5F496022500C60D00DA6FFF /* Debug */,
				F5F496032500C60D00DA6FFF /* Release */,
			);
			defaultConfigurationIsVisible = 0;
			defaultConfigurationName = Release;
		};
/* End XCConfigurationList section */
	};
	rootObject = F5F495C92500C60C00DA6FFF /* Project object */;
}
